
Microsoft Visual Studio Solution File, Format Version 12.00
# Visual Studio Version 16
VisualStudioVersion = 16.0.30907.101
MinimumVisualStudioVersion = 10.0.40219.1
Project("{FAE04EC0-301F-11D3-BF4B-00C04F79EFBC}") = "InheritancePractice", "InheritancePractice\InheritancePractice.csproj", "{8626A496-78B3-428D-9A85-9CAE46ECC369}"
EndProject
Global
	GlobalSection(SolutionConfigurationPlatforms) = preSolution
		Debug|Any CPU = Debug|Any CPU
		Release|Any CPU = Release|Any CPU
	EndGlobalSection
	GlobalSection(ProjectConfigurationPlatforms) = postSolution
		{8626A496-78B3-428D-9A85-9CAE46ECC369}.Debug|Any CPU.ActiveCfg = Debug|Any CPU
		{8626A496-78B3-428D-9A85-9CAE46ECC369}.Debug|Any CPU.Build.0 = Debug|Any CPU
		{8626A496-78B3-428D-9A85-9CAE46ECC369}.Release|Any CPU.ActiveCfg = Release|Any CPU
		{8626A496-78B3-428D-9A85-9CAE46ECC369}.Release|Any CPU.Build.0 = Release|Any CPU
	EndGlobalSection
	GlobalSection(SolutionProperties) = preSolution
		HideSolutionNode = FALSE
	EndGlobalSection
	GlobalSection(ExtensibilityGlobals) = postSolution
		SolutionGuid = {DC56B20B-76ED-407D-B4D3-6A308DE555DA}
	EndGlobalSection
EndGlobal
